# This file is automatically @generated by Poetry 1.8.5 and should not be changed by hand.

[[package]]
name = "certifi"
version = "2024.12.14"
description = "Python package for providing Mozilla's CA Bundle."
optional = false
python-versions = ">=3.6"
files = [
    {file = "certifi-2024.12.14-py3-none-any.whl", hash = "sha256:1275f7a45be9464efc1173084eaa30f866fe2e47d389406136d332ed4967ec56"},
    {file = "certifi-2024.12.14.tar.gz", hash = "sha256:b650d30f370c2b724812bee08008be0c4163b163ddaec3f2546c1caf65f191db"},
]

[[package]]
name = "playsound3"
version = "2.5.1"
description = "Cross-platform library to play audio files"
optional = false
python-versions = ">=3.9"
files = [
    {file = "playsound3-2.5.1-py3-none-any.whl", hash = "sha256:81f3714e98b0c02389794b47fc6bbd4c62a8cf13a3a16ee87679aed84a5eae1a"},
    {file = "playsound3-2.5.1.tar.gz", hash = "sha256:27820907a613fab5797e575539b811d30867859cdfdc5f759c08084ff91a205a"},
]

[package.dependencies]
certifi = "*"

[metadata]
lock-version = "2.0"
python-versions = "^3.9"
content-hash = "0bf79a5023b5c202c85c4c509a2ce3a1230a8b376f808870135f03b563caba8a"
